lockfileVersion: '9.0'

settings:
  autoInstallPeers: true
  excludeLinksFromLockfile: false

importers:

  .:
    devDependencies:
      '@azure/microsoft-playwright-testing':
        specifier: 1.0.0-beta.3
        version: 1.0.0-beta.3

packages:

  '@azure/abort-controller@1.1.0':
    resolution: {integrity: sha512-TrRLIoSQVzfAJX9H1JeFjzAoDGcoK1IYX1UImfceTZpsyYfWr09Ss1aHW1y5TrrR3iq6RZLBwJ3E24uwPhwahw==}
    engines: {node: '>=12.0.0'}

  '@azure/abort-controller@2.1.2':
    resolution: {integrity: sha512-nBrLsEWm4J2u5LpAPjxADTlq3trDgVZZXHNKabeXZtpq3d3AbN/KGO82R87rdDz5/lYB024rtEf10/q0urNgsA==}
    engines: {node: '>=18.0.0'}

  '@azure/core-auth@1.8.0':
    resolution: {integrity: sha512-YvFMowkXzLbXNM11yZtVLhUCmuG0ex7JKOH366ipjmHBhL3vpDcPAeWF+jf0X+jVXwFqo3UhsWUq4kH0ZPdu/g==}
    engines: {node: '>=18.0.0'}

  '@azure/core-client@1.9.2':
    resolution: {integrity: sha512-kRdry/rav3fUKHl/aDLd/pDLcB+4pOFwPPTVEExuMyaI5r+JBbMWqRbCY1pn5BniDaU3lRxO9eaQ1AmSMehl/w==}
    engines: {node: '>=18.0.0'}

  '@azure/core-http-compat@2.1.2':
    resolution: {integrity: sha512-5MnV1yqzZwgNLLjlizsU3QqOeQChkIXw781Fwh1xdAqJR5AA32IUaq6xv1BICJvfbHoa+JYcaij2HFkhLbNTJQ==}
    engines: {node: '>=18.0.0'}

  '@azure/core-lro@2.7.2':
    resolution: {integrity: sha512-0YIpccoX8m/k00O7mDDMdJpbr6mf1yWo2dfmxt5A8XVZVVMz2SSKaEbMCeJRvgQ0IaSlqhjT47p4hVIRRy90xw==}
    engines: {node: '>=18.0.0'}

  '@azure/core-paging@1.6.2':
    resolution: {integrity: sha512-YKWi9YuCU04B55h25cnOYZHxXYtEvQEbKST5vqRga7hWY9ydd3FZHdeQF8pyh+acWZvppw13M/LMGx0LABUVMA==}
    engines: {node: '>=18.0.0'}

  '@azure/core-rest-pipeline@1.17.0':
    resolution: {integrity: sha512-62Vv8nC+uPId3j86XJ0WI+sBf0jlqTqPUFCBNrGtlaUeQUIXWV/D8GE5A1d+Qx8H7OQojn2WguC8kChD6v0shA==}
    engines: {node: '>=18.0.0'}

  '@azure/core-tracing@1.1.2':
    resolution: {integrity: sha512-dawW9ifvWAWmUm9/h+/UQ2jrdvjCJ7VJEuCJ6XVNudzcOwm53BFZH4Q845vjfgoUAM8ZxokvVNxNxAITc502YA==}
    engines: {node: '>=18.0.0'}

  '@azure/core-util@1.10.0':
    resolution: {integrity: sha512-dqLWQsh9Nro1YQU+405POVtXnwrIVqPyfUzc4zXCbThTg7+vNNaiMkwbX9AMXKyoFYFClxmB3s25ZFr3+jZkww==}
    engines: {node: '>=18.0.0'}

  '@azure/core-xml@1.4.3':
    resolution: {integrity: sha512-D6G7FEmDiTctPKuWegX2WTrS1enKZwqYwdKTO6ZN6JMigcCehlT0/CYl+zWpI9vQ9frwwp7GQT3/owaEXgnOsA==}
    engines: {node: '>=18.0.0'}

  '@azure/identity@4.4.1':
    resolution: {integrity: sha512-DwnG4cKFEM7S3T+9u05NstXU/HN0dk45kPOinUyNKsn5VWwpXd9sbPKEg6kgJzGbm1lMuhx9o31PVbCtM5sfBA==}
    engines: {node: '>=18.0.0'}

  '@azure/logger@1.1.4':
    resolution: {integrity: sha512-4IXXzcCdLdlXuCG+8UKEwLA1T1NHqUfanhXYHiQTn+6sfWCZXduqbtXDGceg3Ce5QxTGo7EqmbV6Bi+aqKuClQ==}
    engines: {node: '>=18.0.0'}

  '@azure/microsoft-playwright-testing@1.0.0-beta.3':
    resolution: {integrity: sha512-GsElI6E5M4cPvmKvdHEMnz0EAeC4jp0fQgPFzJvZVHST+hnMvZBc6z8a3c+WAvPD4MRgsxT6JuDlNu7SeoFlXg==}
    engines: {node: '>=18.0.0'}

  '@azure/msal-browser@3.24.0':
    resolution: {integrity: sha512-JGNV9hTYAa7lsum9IMIibn2kKczAojNihGo1hi7pG0kNrcKej530Fl6jxwM05A44/6I079CSn6WxYxbVhKUmWg==}
    engines: {node: '>=0.8.0'}

  '@azure/msal-common@14.15.0':
    resolution: {integrity: sha512-ImAQHxmpMneJ/4S8BRFhjt1MZ3bppmpRPYYNyzeQPeFN288YKbb8TmmISQEbtfkQ1BPASvYZU5doIZOPBAqENQ==}
    engines: {node: '>=0.8.0'}

  '@azure/msal-node@2.14.0':
    resolution: {integrity: sha512-rrfzIpG3Q1rHjVYZmHAEDidWAZZ2cgkxlIcMQ8dHebRISaZ2KCV33Q8Vs+uaV6lxweROabNxKFlR2lIKagZqYg==}
    engines: {node: '>=16'}

  '@azure/storage-blob@12.25.0':
    resolution: {integrity: sha512-oodouhA3nCCIh843tMMbxty3WqfNT+Vgzj3Xo5jqR9UPnzq3d7mzLjlHAYz7lW+b4km3SIgz+NAgztvhm7Z6kQ==}
    engines: {node: '>=18.0.0'}

  agent-base@7.1.1:
    resolution: {integrity: sha512-H0TSyFNDMomMNJQBn8wFV5YC/2eJ+VXECwOadZJT554xP6cODZHPX3H9QMQECxvrgiSOP1pHjy1sMWQVYJOUOA==}
    engines: {node: '>= 14'}

  buffer-equal-constant-time@1.0.1:
    resolution: {integrity: sha512-zRpUiDwd/xk6ADqPMATG8vc9VPrkck7T07OIx0gnjmJAnHnTVXNQG3vfvWNuiZIkwu9KrKdA1iJKfsfTVxE6NA==}

  debug@4.3.7:
    resolution: {integrity: sha512-Er2nc/H7RrMXZBFCEim6TCmMk02Z8vLC2Rbi1KEBggpo0fS6l0S1nnapwmIi3yW/+GOJap1Krg4w0Hg80oCqgQ==}
    engines: {node: '>=6.0'}
    peerDependencies:
      supports-color: '*'
    peerDependenciesMeta:
      supports-color:
        optional: true

  define-lazy-prop@2.0.0:
    resolution: {integrity: sha512-Ds09qNh8yw3khSjiJjiUInaGX9xlqZDY7JVryGxdxV7NPeuqQfplOpQ66yJFZut3jLa5zOwkXw1g9EI2uKh4Og==}
    engines: {node: '>=8'}

  ecdsa-sig-formatter@1.0.11:
    resolution: {integrity: sha512-nagl3RYrbNv6kQkeJIpt6NJZy8twLB/2vtz6yN9Z4vRKHN4/QZJIEbqohALSgwKdnksuY3k5Addp5lg8sVoVcQ==}

  events@3.3.0:
    resolution: {integrity: sha512-mQw+2fkQbALzQ7V0MY0IqdnXNOeTtP4r0lN9z7AAawCXgqea7bDii20AYrIBrFd/Hx0M2Ocz6S111CaFkUcb0Q==}
    engines: {node: '>=0.8.x'}

  fast-xml-parser@4.5.0:
    resolution: {integrity: sha512-/PlTQCI96+fZMAOLMZK4CWG1ItCbfZ/0jx7UIJFChPNrx7tcEgerUgWbeieCM9MfHInUDyK8DWYZ+YrywDJuTg==}
    hasBin: true

  http-proxy-agent@7.0.2:
    resolution: {integrity: sha512-T1gkAiYYDWYx3V5Bmyu7HcfcvL7mUrTWiM6yOfa3PIphViJ/gFPbvidQ+veqSOHci/PxBcDabeUNCzpOODJZig==}
    engines: {node: '>= 14'}

  https-proxy-agent@7.0.5:
    resolution: {integrity: sha512-1e4Wqeblerz+tMKPIq2EMGiiWW1dIjZOksyHWSUm1rmuvw/how9hBHZ38lAGj5ID4Ik6EdkOw7NmWPy6LAwalw==}
    engines: {node: '>= 14'}

  is-docker@2.2.1:
    resolution: {integrity: sha512-F+i2BKsFrH66iaUFc0woD8sLy8getkwTwtOBjvs56Cx4CgJDeKQeqfz8wAYiSb8JOprWhHH5p77PbmYCvvUuXQ==}
    engines: {node: '>=8'}
    hasBin: true

  is-wsl@2.2.0:
    resolution: {integrity: sha512-fKzAra0rGJUUBwGBgNkHZuToZcn+TtXHpeCgmkMJMMYx1sQDYaCSyjJBSCa2nH1DGm7s3n1oBnohoVTBaN7Lww==}
    engines: {node: '>=8'}

  jsonwebtoken@9.0.2:
    resolution: {integrity: sha512-PRp66vJ865SSqOlgqS8hujT5U4AOgMfhrwYIuIhfKaoSCZcirrmASQr8CX7cUg+RMih+hgznrjp99o+W4pJLHQ==}
    engines: {node: '>=12', npm: '>=6'}

  jwa@1.4.1:
    resolution: {integrity: sha512-qiLX/xhEEFKUAJ6FiBMbes3w9ATzyk5W7Hvzpa/SLYdxNtng+gcurvrI7TbACjIXlsJyr05/S1oUhZrc63evQA==}

  jwa@2.0.0:
    resolution: {integrity: sha512-jrZ2Qx916EA+fq9cEAeCROWPTfCwi1IVHqT2tapuqLEVVDKFDENFw1oL+MwrTvH6msKxsd1YTDVw6uKEcsrLEA==}

  jws@3.2.2:
    resolution: {integrity: sha512-YHlZCB6lMTllWDtSPHz/ZXTsi8S00usEV6v1tjq8tOUZzw7DpSDWVXjXDre6ed1w/pd495ODpHZYSdkRTsa0HA==}

  jws@4.0.0:
    resolution: {integrity: sha512-KDncfTmOZoOMTFG4mBlG0qUIOlc03fmzH+ru6RgYVZhPkyiy/92Owlt/8UEN+a4TXR1FQetfIpJE8ApdvdVxTg==}

  lodash.includes@4.3.0:
    resolution: {integrity: sha512-W3Bx6mdkRTGtlJISOvVD/lbqjTlPPUDTMnlXZFnVwi9NKJ6tiAk6LVdlhZMm17VZisqhKcgzpO5Wz91PCt5b0w==}

  lodash.isboolean@3.0.3:
    resolution: {integrity: sha512-Bz5mupy2SVbPHURB98VAcw+aHh4vRV5IPNhILUCsOzRmsTmSQ17jIuqopAentWoehktxGd9e/hbIXq980/1QJg==}

  lodash.isinteger@4.0.4:
    resolution: {integrity: sha512-DBwtEWN2caHQ9/imiNeEA5ys1JoRtRfY3d7V9wkqtbycnAmTvRRmbHKDV4a0EYc678/dia0jrte4tjYwVBaZUA==}

  lodash.isnumber@3.0.3:
    resolution: {integrity: sha512-QYqzpfwO3/CWf3XP+Z+tkQsfaLL/EnUlXWVkIk5FUPc4sBdTehEqZONuyRt2P67PXAk+NXmTBcc97zw9t1FQrw==}

  lodash.isplainobject@4.0.6:
    resolution: {integrity: sha512-oSXzaWypCMHkPC3NvBEaPHf0KsA5mvPrOPgQWDsbg8n7orZ290M0BmC/jgRZ4vcJ6DTAhjrsSYgdsW/F+MFOBA==}

  lodash.isstring@4.0.1:
    resolution: {integrity: sha512-0wJxfxH1wgO3GrbuP+dTTk7op+6L41QCXbGINEmD+ny/G/eCqGzxyCsh7159S+mgDDcoarnBw6PC1PS5+wUGgw==}

  lodash.once@4.1.1:
    resolution: {integrity: sha512-Sb487aTOCr9drQVL8pIxOzVhafOjZN9UU54hiN8PU3uAiSV7lx1yYNpbNmex2PK6dSJoNTSJUUswT651yww3Mg==}

  ms@2.1.3:
    resolution: {integrity: sha512-6FlzubTLZG3J2a/NVCAleEhjzq5oxgHyaCU9yYXvcLsvoVaHJq/s5xXI6/XXP6tz7R9xAOtHnSO/tXtF3WRTlA==}

  open@8.4.2:
    resolution: {integrity: sha512-7x81NCL719oNbsq/3mh+hVrAWmFuEYUqrq/Iw3kUzH8ReypT9QQ0BLoJS7/G9k6N81XjW4qHWtjWwe/9eLy1EQ==}
    engines: {node: '>=12'}

  safe-buffer@5.2.1:
    resolution: {integrity: sha512-rp3So07KcdmmKbGvgaNxQSJr7bGVSVk5S9Eq1F+ppbRo70+YeaDxkw5Dd8NPN+GD6bjnYm2VuPuCXmpuYvmCXQ==}

  semver@7.6.3:
    resolution: {integrity: sha512-oVekP1cKtI+CTDvHWYFUcMtsK/00wmAEfyqKfNdARm8u1wNVhSgaX7A8d4UuIlUI5e84iEwOhs7ZPYRmzU9U6A==}
    engines: {node: '>=10'}
    hasBin: true

  stoppable@1.1.0:
    resolution: {integrity: sha512-KXDYZ9dszj6bzvnEMRYvxgeTHU74QBFL54XKtP3nyMuJ81CFYtABZ3bAzL2EdFUaEwJOBOgENyFj3R7oTzDyyw==}
    engines: {node: '>=4', npm: '>=6'}

  strnum@1.0.5:
    resolution: {integrity: sha512-J8bbNyKKXl5qYcR36TIO8W3mVGVHrmmxsd5PAItGkmyzwJvybiw2IVq5nqd0i4LSNSkB/sx9VHllbfFdr9k1JA==}

  tslib@2.7.0:
    resolution: {integrity: sha512-gLXCKdN1/j47AiHiOkJN69hJmcbGTHI0ImLmbYLHykhgeN0jVGola9yVjFgzCUklsZQMW55o+dW7IXv3RCXDzA==}

  uuid@8.3.2:
    resolution: {integrity: sha512-+NYs2QeMWy+GWFOEm9xnn6HCDp0l7QBD7ml8zLUmJ+93Q5NF0NocErnwkTkXVFNiX3/fpC6afS8Dhb/gz7R7eg==}
    hasBin: true

snapshots:

  '@azure/abort-controller@1.1.0':
    dependencies:
      tslib: 2.7.0

  '@azure/abort-controller@2.1.2':
    dependencies:
      tslib: 2.7.0

  '@azure/core-auth@1.8.0':
    dependencies:
      '@azure/abort-controller': 2.1.2
      '@azure/core-util': 1.10.0
      tslib: 2.7.0

  '@azure/core-client@1.9.2':
    dependencies:
      '@azure/abort-controller': 2.1.2
      '@azure/core-auth': 1.8.0
      '@azure/core-rest-pipeline': 1.17.0
      '@azure/core-tracing': 1.1.2
      '@azure/core-util': 1.10.0
      '@azure/logger': 1.1.4
      tslib: 2.7.0
    transitivePeerDependencies:
      - supports-color

  '@azure/core-http-compat@2.1.2':
    dependencies:
      '@azure/abort-controller': 2.1.2
      '@azure/core-client': 1.9.2
      '@azure/core-rest-pipeline': 1.17.0
    transitivePeerDependencies:
      - supports-color

  '@azure/core-lro@2.7.2':
    dependencies:
      '@azure/abort-controller': 2.1.2
      '@azure/core-util': 1.10.0
      '@azure/logger': 1.1.4
      tslib: 2.7.0

  '@azure/core-paging@1.6.2':
    dependencies:
      tslib: 2.7.0

  '@azure/core-rest-pipeline@1.17.0':
    dependencies:
      '@azure/abort-controller': 2.1.2
      '@azure/core-auth': 1.8.0
      '@azure/core-tracing': 1.1.2
      '@azure/core-util': 1.10.0
      '@azure/logger': 1.1.4
      http-proxy-agent: 7.0.2
      https-proxy-agent: 7.0.5
      tslib: 2.7.0
    transitivePeerDependencies:
      - supports-color

  '@azure/core-tracing@1.1.2':
    dependencies:
      tslib: 2.7.0

  '@azure/core-util@1.10.0':
    dependencies:
      '@azure/abort-controller': 2.1.2
      tslib: 2.7.0

  '@azure/core-xml@1.4.3':
    dependencies:
      fast-xml-parser: 4.5.0
      tslib: 2.7.0

  '@azure/identity@4.4.1':
    dependencies:
      '@azure/abort-controller': 1.1.0
      '@azure/core-auth': 1.8.0
      '@azure/core-client': 1.9.2
      '@azure/core-rest-pipeline': 1.17.0
      '@azure/core-tracing': 1.1.2
      '@azure/core-util': 1.10.0
      '@azure/logger': 1.1.4
      '@azure/msal-browser': 3.24.0
      '@azure/msal-node': 2.14.0
      events: 3.3.0
      jws: 4.0.0
      open: 8.4.2
      stoppable: 1.1.0
      tslib: 2.7.0
    transitivePeerDependencies:
      - supports-color

  '@azure/logger@1.1.4':
    dependencies:
      tslib: 2.7.0

  '@azure/microsoft-playwright-testing@1.0.0-beta.3':
    dependencies:
      '@azure/core-rest-pipeline': 1.17.0
      '@azure/identity': 4.4.1
      '@azure/logger': 1.1.4
      '@azure/storage-blob': 12.25.0
      tslib: 2.7.0
    transitivePeerDependencies:
      - supports-color

  '@azure/msal-browser@3.24.0':
    dependencies:
      '@azure/msal-common': 14.15.0

  '@azure/msal-common@14.15.0': {}

  '@azure/msal-node@2.14.0':
    dependencies:
      '@azure/msal-common': 14.15.0
      jsonwebtoken: 9.0.2
      uuid: 8.3.2

  '@azure/storage-blob@12.25.0':
    dependencies:
      '@azure/abort-controller': 2.1.2
      '@azure/core-auth': 1.8.0
      '@azure/core-client': 1.9.2
      '@azure/core-http-compat': 2.1.2
      '@azure/core-lro': 2.7.2
      '@azure/core-paging': 1.6.2
      '@azure/core-rest-pipeline': 1.17.0
      '@azure/core-tracing': 1.1.2
      '@azure/core-util': 1.10.0
      '@azure/core-xml': 1.4.3
      '@azure/logger': 1.1.4
      events: 3.3.0
      tslib: 2.7.0
    transitivePeerDependencies:
      - supports-color

  agent-base@7.1.1:
    dependencies:
      debug: 4.3.7
    transitivePeerDependencies:
      - supports-color

  buffer-equal-constant-time@1.0.1: {}

  debug@4.3.7:
    dependencies:
      ms: 2.1.3

  define-lazy-prop@2.0.0: {}

  ecdsa-sig-formatter@1.0.11:
    dependencies:
      safe-buffer: 5.2.1

  events@3.3.0: {}

  fast-xml-parser@4.5.0:
    dependencies:
      strnum: 1.0.5

  http-proxy-agent@7.0.2:
    dependencies:
      agent-base: 7.1.1
      debug: 4.3.7
    transitivePeerDependencies:
      - supports-color

  https-proxy-agent@7.0.5:
    dependencies:
      agent-base: 7.1.1
      debug: 4.3.7
    transitivePeerDependencies:
      - supports-color

  is-docker@2.2.1: {}

  is-wsl@2.2.0:
    dependencies:
      is-docker: 2.2.1

  jsonwebtoken@9.0.2:
    dependencies:
      jws: 3.2.2
      lodash.includes: 4.3.0
      lodash.isboolean: 3.0.3
      lodash.isinteger: 4.0.4
      lodash.isnumber: 3.0.3
      lodash.isplainobject: 4.0.6
      lodash.isstring: 4.0.1
      lodash.once: 4.1.1
      ms: 2.1.3
      semver: 7.6.3

  jwa@1.4.1:
    dependencies:
      buffer-equal-constant-time: 1.0.1
      ecdsa-sig-formatter: 1.0.11
      safe-buffer: 5.2.1

  jwa@2.0.0:
    dependencies:
      buffer-equal-constant-time: 1.0.1
      ecdsa-sig-formatter: 1.0.11
      safe-buffer: 5.2.1

  jws@3.2.2:
    dependencies:
      jwa: 1.4.1
      safe-buffer: 5.2.1

  jws@4.0.0:
    dependencies:
      jwa: 2.0.0
      safe-buffer: 5.2.1

  lodash.includes@4.3.0: {}

  lodash.isboolean@3.0.3: {}

  lodash.isinteger@4.0.4: {}

  lodash.isnumber@3.0.3: {}

  lodash.isplainobject@4.0.6: {}

  lodash.isstring@4.0.1: {}

  lodash.once@4.1.1: {}

  ms@2.1.3: {}

  open@8.4.2:
    dependencies:
      define-lazy-prop: 2.0.0
      is-docker: 2.2.1
      is-wsl: 2.2.0

  safe-buffer@5.2.1: {}

  semver@7.6.3: {}

  stoppable@1.1.0: {}

  strnum@1.0.5: {}

  tslib@2.7.0: {}

  uuid@8.3.2: {}
