
Microsoft Visual Studio Solution File, Format Version 12.00
# Visual Studio 2013
VisualStudioVersion = 12.0.31101.0
MinimumVisualStudioVersion = 10.0.40219.1
Project("{9092AA53-FB77-4645-B42D-1CCCA6BD08BD}") = "DocumentDB.Samples.DatabaseManagement", "DocumentDB.Samples.DatabaseManagement\DocumentDB.Samples.DatabaseManagement.njsproj", "{3D5CDD77-B402-4EC3-B4FC-D4DB14E309F3}"
EndProject
Project("{2150E333-8FDC-42A3-9474-1A3956D46DE8}") = "Solution Items", "Solution Items", "{73AD5D45-8723-49D0-BBD0-733375826AA1}"
	ProjectSection(SolutionItems) = preProject
		config.js = config.js
	EndProjectSection
EndProject
Project("{9092AA53-FB77-4645-B42D-1CCCA6BD08BD}") = "DocumentDB.Samples.CollectionManagement", "DocumentDB.Samples.CollectionManagement\DocumentDB.Samples.CollectionManagement.njsproj", "{6FEAE190-7F5C-4A1C-BB11-843B66A7E772}"
EndProject
Project("{9092AA53-FB77-4645-B42D-1CCCA6BD08BD}") = "DocumentDB.Samples.DocumentManagement", "DocumentDB.Samples.DocumentManagement\DocumentDB.Samples.DocumentManagement.njsproj", "{B136DF45-8A6B-4F3B-92F1-F4F9C40B0FC1}"
EndProject
Global
	GlobalSection(SolutionConfigurationPlatforms) = preSolution
		Debug|Any CPU = Debug|Any CPU
		Release|Any CPU = Release|Any CPU
	EndGlobalSection
	GlobalSection(ProjectConfigurationPlatforms) = postSolution
		{3D5CDD77-B402-4EC3-B4FC-D4DB14E309F3}.Debug|Any CPU.ActiveCfg = Debug|Any CPU
		{3D5CDD77-B402-4EC3-B4FC-D4DB14E309F3}.Debug|Any CPU.Build.0 = Debug|Any CPU
		{3D5CDD77-B402-4EC3-B4FC-D4DB14E309F3}.Release|Any CPU.ActiveCfg = Release|Any CPU
		{3D5CDD77-B402-4EC3-B4FC-D4DB14E309F3}.Release|Any CPU.Build.0 = Release|Any CPU
		{6FEAE190-7F5C-4A1C-BB11-843B66A7E772}.Debug|Any CPU.ActiveCfg = Debug|Any CPU
		{6FEAE190-7F5C-4A1C-BB11-843B66A7E772}.Debug|Any CPU.Build.0 = Debug|Any CPU
		{6FEAE190-7F5C-4A1C-BB11-843B66A7E772}.Release|Any CPU.ActiveCfg = Release|Any CPU
		{6FEAE190-7F5C-4A1C-BB11-843B66A7E772}.Release|Any CPU.Build.0 = Release|Any CPU
		{B136DF45-8A6B-4F3B-92F1-F4F9C40B0FC1}.Debug|Any CPU.ActiveCfg = Debug|Any CPU
		{B136DF45-8A6B-4F3B-92F1-F4F9C40B0FC1}.Debug|Any CPU.Build.0 = Debug|Any CPU
		{B136DF45-8A6B-4F3B-92F1-F4F9C40B0FC1}.Release|Any CPU.ActiveCfg = Release|Any CPU
		{B136DF45-8A6B-4F3B-92F1-F4F9C40B0FC1}.Release|Any CPU.Build.0 = Release|Any CPU
	EndGlobalSection
	GlobalSection(SolutionProperties) = preSolution
		HideSolutionNode = FALSE
	EndGlobalSection
EndGlobal
