
Microsoft Visual Studio Solution File, Format Version 12.00
# Visual Studio 14
VisualStudioVersion = 14.0.24720.0
MinimumVisualStudioVersion = 10.0.40219.1
Project("{2150E333-8FDC-42A3-9474-1A3956D46DE8}") = "Data", "Data", "{52B0D185-3B67-4804-923E-A0B7948C006D}"
	ProjectSection(SolutionItems) = preProject
		Data\Families.json = Data\Families.json
	EndProjectSection
EndProject
Project("{2150E333-8FDC-42A3-9474-1A3956D46DE8}") = "Shared", "Shared", "{31234210-D784-4E2C-8D32-6379647281B1}"
	ProjectSection(SolutionItems) = preProject
		Shared\config.js = Shared\config.js
		Shared\utils.js = Shared\utils.js
	EndProjectSection
EndProject
Project("{9092AA53-FB77-4645-B42D-1CCCA6BD08BD}") = "CollectionManagement", "CollectionManagement\CollectionManagement.njsproj", "{6FEAE190-7F5C-4A1C-BB11-843B66A7E772}"
EndProject
Project("{9092AA53-FB77-4645-B42D-1CCCA6BD08BD}") = "DatabaseManagement", "DatabaseManagement\DatabaseManagement.njsproj", "{3D5CDD77-B402-4EC3-B4FC-D4DB14E309F3}"
EndProject
Project("{9092AA53-FB77-4645-B42D-1CCCA6BD08BD}") = "DocumentManagement", "DocumentManagement\DocumentManagement.njsproj", "{B136DF45-8A6B-4F3B-92F1-F4F9C40B0FC1}"
EndProject
Project("{9092AA53-FB77-4645-B42D-1CCCA6BD08BD}") = "IndexManagement", "IndexManagement\IndexManagement.njsproj", "{7533D2EB-61BE-4C98-830E-14696E00C35B}"
EndProject
Project("{9092AA53-FB77-4645-B42D-1CCCA6BD08BD}") = "ServerSideScripts", "ServerSideScripts\ServerSideScripts.njsproj", "{7DC8958B-D3DA-42D5-A0E0-D21D7A239B30}"
EndProject
Global
	GlobalSection(SolutionConfigurationPlatforms) = preSolution
		Debug|Any CPU = Debug|Any CPU
		Release|Any CPU = Release|Any CPU
	EndGlobalSection
	GlobalSection(ProjectConfigurationPlatforms) = postSolution
		{6FEAE190-7F5C-4A1C-BB11-843B66A7E772}.Debug|Any CPU.ActiveCfg = Debug|Any CPU
		{6FEAE190-7F5C-4A1C-BB11-843B66A7E772}.Debug|Any CPU.Build.0 = Debug|Any CPU
		{6FEAE190-7F5C-4A1C-BB11-843B66A7E772}.Release|Any CPU.ActiveCfg = Release|Any CPU
		{6FEAE190-7F5C-4A1C-BB11-843B66A7E772}.Release|Any CPU.Build.0 = Release|Any CPU
		{3D5CDD77-B402-4EC3-B4FC-D4DB14E309F3}.Debug|Any CPU.ActiveCfg = Debug|Any CPU
		{3D5CDD77-B402-4EC3-B4FC-D4DB14E309F3}.Debug|Any CPU.Build.0 = Debug|Any CPU
		{3D5CDD77-B402-4EC3-B4FC-D4DB14E309F3}.Release|Any CPU.ActiveCfg = Release|Any CPU
		{3D5CDD77-B402-4EC3-B4FC-D4DB14E309F3}.Release|Any CPU.Build.0 = Release|Any CPU
		{B136DF45-8A6B-4F3B-92F1-F4F9C40B0FC1}.Debug|Any CPU.ActiveCfg = Debug|Any CPU
		{B136DF45-8A6B-4F3B-92F1-F4F9C40B0FC1}.Debug|Any CPU.Build.0 = Debug|Any CPU
		{B136DF45-8A6B-4F3B-92F1-F4F9C40B0FC1}.Release|Any CPU.ActiveCfg = Release|Any CPU
		{B136DF45-8A6B-4F3B-92F1-F4F9C40B0FC1}.Release|Any CPU.Build.0 = Release|Any CPU
		{7533D2EB-61BE-4C98-830E-14696E00C35B}.Debug|Any CPU.ActiveCfg = Debug|Any CPU
		{7533D2EB-61BE-4C98-830E-14696E00C35B}.Debug|Any CPU.Build.0 = Debug|Any CPU
		{7533D2EB-61BE-4C98-830E-14696E00C35B}.Release|Any CPU.ActiveCfg = Release|Any CPU
		{7533D2EB-61BE-4C98-830E-14696E00C35B}.Release|Any CPU.Build.0 = Release|Any CPU
		{7DC8958B-D3DA-42D5-A0E0-D21D7A239B30}.Debug|Any CPU.ActiveCfg = Debug|Any CPU
		{7DC8958B-D3DA-42D5-A0E0-D21D7A239B30}.Debug|Any CPU.Build.0 = Debug|Any CPU
		{7DC8958B-D3DA-42D5-A0E0-D21D7A239B30}.Release|Any CPU.ActiveCfg = Release|Any CPU
		{7DC8958B-D3DA-42D5-A0E0-D21D7A239B30}.Release|Any CPU.Build.0 = Release|Any CPU
	EndGlobalSection
	GlobalSection(SolutionProperties) = preSolution
		HideSolutionNode = FALSE
	EndGlobalSection
	GlobalSection(NestedProjects) = preSolution
		{52B0D185-3B67-4804-923E-A0B7948C006D} = {31234210-D784-4E2C-8D32-6379647281B1}
	EndGlobalSection
EndGlobal
