
Microsoft Visual Studio Solution File, Format Version 12.00
# Visual Studio 15
VisualStudioVersion = 15.0.26430.16
MinimumVisualStudioVersion = 10.0.40219.1
Project("{2150E333-8FDC-42A3-9474-1A3956D46DE8}") = "Data", "Data", "{52B0D185-3B67-4804-923E-A0B7948C006D}"
	ProjectSection(SolutionItems) = preProject
		Shared\Data\Families.json = Shared\Data\Families.json
	EndProjectSection
EndProject
Project("{2150E333-8FDC-42A3-9474-1A3956D46DE8}") = "Shared", "Shared", "{31234210-D784-4E2C-8D32-6379647281B1}"
	ProjectSection(SolutionItems) = preProject
		Shared\config.js = Shared\config.js
		Shared\utils.js = Shared\utils.js
	EndProjectSection
EndProject
Project("{9092AA53-FB77-4645-B42D-1CCCA6BD08BD}") = "CollectionManagement", "CollectionManagement\CollectionManagement.njsproj", "{5E0F86C7-4C76-4943-AC54-D3E1153009B0}"
EndProject
Project("{9092AA53-FB77-4645-B42D-1CCCA6BD08BD}") = "DatabaseManagement", "DatabaseManagement\DatabaseManagement.njsproj", "{61F8E2A2-42EB-4354-81E0-FF2C91521395}"
EndProject
Project("{9092AA53-FB77-4645-B42D-1CCCA6BD08BD}") = "DocumentManagement", "DocumentManagement\DocumentManagement.njsproj", "{59AC41DA-0B9F-4342-8BA0-356D810F56C0}"
EndProject
Project("{9092AA53-FB77-4645-B42D-1CCCA6BD08BD}") = "IndexManagement", "IndexManagement\IndexManagement.njsproj", "{4764380F-4842-4268-9EDA-3BCE5333BEA3}"
EndProject
Project("{9092AA53-FB77-4645-B42D-1CCCA6BD08BD}") = "Partitioning", "Partitioning\Partitioning.njsproj", "{C7A99393-DEA4-4BBF-8B96-722BB2DE9D2F}"
EndProject
Project("{9092AA53-FB77-4645-B42D-1CCCA6BD08BD}") = "ServerSideScripts", "ServerSideScripts\ServerSideScripts.njsproj", "{7420867D-AF24-4824-BAC7-DCE6687BDAEB}"
EndProject
Project("{9092AA53-FB77-4645-B42D-1CCCA6BD08BD}") = "UserManagement", "UserManagement\UserManagement.njsproj", "{8A03085A-178C-457D-B21C-5173A6CF9BF5}"
EndProject
Global
	GlobalSection(SolutionConfigurationPlatforms) = preSolution
		Debug|Any CPU = Debug|Any CPU
		Release|Any CPU = Release|Any CPU
	EndGlobalSection
	GlobalSection(ProjectConfigurationPlatforms) = postSolution
		{5E0F86C7-4C76-4943-AC54-D3E1153009B0}.Debug|Any CPU.ActiveCfg = Debug|Any CPU
		{5E0F86C7-4C76-4943-AC54-D3E1153009B0}.Debug|Any CPU.Build.0 = Debug|Any CPU
		{5E0F86C7-4C76-4943-AC54-D3E1153009B0}.Release|Any CPU.ActiveCfg = Release|Any CPU
		{5E0F86C7-4C76-4943-AC54-D3E1153009B0}.Release|Any CPU.Build.0 = Release|Any CPU
		{61F8E2A2-42EB-4354-81E0-FF2C91521395}.Debug|Any CPU.ActiveCfg = Debug|Any CPU
		{61F8E2A2-42EB-4354-81E0-FF2C91521395}.Debug|Any CPU.Build.0 = Debug|Any CPU
		{61F8E2A2-42EB-4354-81E0-FF2C91521395}.Release|Any CPU.ActiveCfg = Release|Any CPU
		{61F8E2A2-42EB-4354-81E0-FF2C91521395}.Release|Any CPU.Build.0 = Release|Any CPU
		{59AC41DA-0B9F-4342-8BA0-356D810F56C0}.Debug|Any CPU.ActiveCfg = Debug|Any CPU
		{59AC41DA-0B9F-4342-8BA0-356D810F56C0}.Debug|Any CPU.Build.0 = Debug|Any CPU
		{59AC41DA-0B9F-4342-8BA0-356D810F56C0}.Release|Any CPU.ActiveCfg = Release|Any CPU
		{59AC41DA-0B9F-4342-8BA0-356D810F56C0}.Release|Any CPU.Build.0 = Release|Any CPU
		{4764380F-4842-4268-9EDA-3BCE5333BEA3}.Debug|Any CPU.ActiveCfg = Debug|Any CPU
		{4764380F-4842-4268-9EDA-3BCE5333BEA3}.Debug|Any CPU.Build.0 = Debug|Any CPU
		{4764380F-4842-4268-9EDA-3BCE5333BEA3}.Release|Any CPU.ActiveCfg = Release|Any CPU
		{4764380F-4842-4268-9EDA-3BCE5333BEA3}.Release|Any CPU.Build.0 = Release|Any CPU
		{C7A99393-DEA4-4BBF-8B96-722BB2DE9D2F}.Debug|Any CPU.ActiveCfg = Debug|Any CPU
		{C7A99393-DEA4-4BBF-8B96-722BB2DE9D2F}.Debug|Any CPU.Build.0 = Debug|Any CPU
		{C7A99393-DEA4-4BBF-8B96-722BB2DE9D2F}.Release|Any CPU.ActiveCfg = Release|Any CPU
		{C7A99393-DEA4-4BBF-8B96-722BB2DE9D2F}.Release|Any CPU.Build.0 = Release|Any CPU
		{7420867D-AF24-4824-BAC7-DCE6687BDAEB}.Debug|Any CPU.ActiveCfg = Debug|Any CPU
		{7420867D-AF24-4824-BAC7-DCE6687BDAEB}.Debug|Any CPU.Build.0 = Debug|Any CPU
		{7420867D-AF24-4824-BAC7-DCE6687BDAEB}.Release|Any CPU.ActiveCfg = Release|Any CPU
		{7420867D-AF24-4824-BAC7-DCE6687BDAEB}.Release|Any CPU.Build.0 = Release|Any CPU
		{8A03085A-178C-457D-B21C-5173A6CF9BF5}.Debug|Any CPU.ActiveCfg = Debug|Any CPU
		{8A03085A-178C-457D-B21C-5173A6CF9BF5}.Debug|Any CPU.Build.0 = Debug|Any CPU
		{8A03085A-178C-457D-B21C-5173A6CF9BF5}.Release|Any CPU.ActiveCfg = Release|Any CPU
		{8A03085A-178C-457D-B21C-5173A6CF9BF5}.Release|Any CPU.Build.0 = Release|Any CPU
	EndGlobalSection
	GlobalSection(SolutionProperties) = preSolution
		HideSolutionNode = FALSE
	EndGlobalSection
	GlobalSection(NestedProjects) = preSolution
		{52B0D185-3B67-4804-923E-A0B7948C006D} = {31234210-D784-4E2C-8D32-6379647281B1}
	EndGlobalSection
EndGlobal
